<?xml version="1.0" encoding="utf-8"?>
<Project ToolsVersion="4.0" xmlns="http://schemas.microsoft.com/developer/msbuild/2003">
  <ItemGroup>
    <Filter Include="Source Files">
      <UniqueIdentifier>{4FC737F1-C7A5-4376-A066-2A32D752A2FF}</UniqueIdentifier>
      <Extensions>cpp;c;cxx;def;odl;idl;hpj;bat;asm;asmx</Extensions>
    </Filter>
    <Filter Include="Header Files">
      <UniqueIdentifier>{93995380-89BD-4b04-88EB-625FBE52EBFB}</UniqueIdentifier>
      <Extensions>h;hpp;hxx;hm;inl;inc;xsd</Extensions>
    </Filter>
  </ItemGroup>
  <ItemGroup>
    <ClCompile Include="AbbrevSequestDiscrimFunction.cxx">
      <Filter>Source Files</Filter>
    </ClCompile>
    <ClCompile Include="AspNEnzymeDigestion.cxx">
      <Filter>Source Files</Filter>
    </ClCompile>
    <ClCompile Include="AssemblyInfo.cpp">
      <Filter>Source Files</Filter>
    </ClCompile>
    <ClCompile Include="ChymotrypticEnzymeDigestion.cxx">
      <Filter>Source Files</Filter>
    </ClCompile>
    <ClCompile Include="ContinuousDistribution.cxx">
      <Filter>Source Files</Filter>
    </ClCompile>
    <ClCompile Include="ContinuousMultimixtureDistr.cxx">
      <Filter>Source Files</Filter>
    </ClCompile>
    <ClCompile Include="DecayContinuousMultimixtureDistr.cxx">
      <Filter>Source Files</Filter>
    </ClCompile>
    <ClCompile Include="DiscreteDistribution.cxx">
      <Filter>Source Files</Filter>
    </ClCompile>
    <ClCompile Include="DiscreteMixtureDistr.cxx">
      <Filter>Source Files</Filter>
    </ClCompile>
    <ClCompile Include="DiscriminantFunction.cxx">
      <Filter>Source Files</Filter>
    </ClCompile>
    <ClCompile Include="DiscrimValMixtureDistr.cxx">
      <Filter>Source Files</Filter>
    </ClCompile>
    <ClCompile Include="Distribution.cxx">
      <Filter>Source Files</Filter>
    </ClCompile>
    <ClCompile Include="Elastase.cxx">
      <Filter>Source Files</Filter>
    </ClCompile>
    <ClCompile Include="EnzymeDigestion.cxx">
      <Filter>Source Files</Filter>
    </ClCompile>
    <ClCompile Include="EnzymeSpecificity.cxx">
      <Filter>Source Files</Filter>
    </ClCompile>
    <ClCompile Include="ExtremeValueDistribution.cxx">
      <Filter>Source Files</Filter>
    </ClCompile>
    <ClCompile Include="GammaDistribution.cxx">
      <Filter>Source Files</Filter>
    </ClCompile>
    <ClCompile Include="GaussianDistribution.cxx">
      <Filter>Source Files</Filter>
    </ClCompile>
    <ClCompile Include="GluC_bicarbEnzymeDigestion.cxx">
      <Filter>Source Files</Filter>
    </ClCompile>
    <ClCompile Include="GluCEnzymeDigestion.cxx">
      <Filter>Source Files</Filter>
    </ClCompile>
    <ClCompile Include="GlycMixtureDistr.cxx">
      <Filter>Source Files</Filter>
    </ClCompile>
    <ClCompile Include="ICATMixtureDistr.cxx">
      <Filter>Source Files</Filter>
    </ClCompile>
    <ClCompile Include="MascotDiscrimValMixtureDistr.cxx">
      <Filter>Source Files</Filter>
    </ClCompile>
    <ClCompile Include="MassDifferenceDiscrMixtureDistr.cxx">
      <Filter>Source Files</Filter>
    </ClCompile>
    <ClCompile Include="MixtureDistr.cxx">
      <Filter>Source Files</Filter>
    </ClCompile>
    <ClCompile Include="MixtureModel.cxx">
      <Filter>Source Files</Filter>
    </ClCompile>
    <ClCompile Include="MultipleEnzymeDigestion.cxx">
      <Filter>Source Files</Filter>
    </ClCompile>
    <ClCompile Include="NMCMixtureDistr.cxx">
      <Filter>Source Files</Filter>
    </ClCompile>
    <ClCompile Include="NonspecificEnzymeDigestion.cxx">
      <Filter>Source Files</Filter>
    </ClCompile>
    <ClCompile Include="NTTMixtureDistr.cxx">
      <Filter>Source Files</Filter>
    </ClCompile>
    <ClCompile Include="OrderedResult.cxx">
      <Filter>Source Files</Filter>
    </ClCompile>
    <ClCompile Include="PeptideProphetLibrary.cpp">
      <Filter>Source Files</Filter>
    </ClCompile>
    <ClCompile Include="ScoreCalculator.cxx">
      <Filter>Source Files</Filter>
    </ClCompile>
    <ClCompile Include="SearchResult.cxx">
      <Filter>Source Files</Filter>
    </ClCompile>
    <ClCompile Include="SequestDiscrimFunction.cxx">
      <Filter>Source Files</Filter>
    </ClCompile>
    <ClCompile Include="SequestDiscrimScoreCalculator.cxx">
      <Filter>Source Files</Filter>
    </ClCompile>
    <ClCompile Include="SequestResult.cxx">
      <Filter>Source Files</Filter>
    </ClCompile>
    <ClCompile Include="Spectrum.cxx">
      <Filter>Source Files</Filter>
    </ClCompile>
    <ClCompile Include="ToftofAbbrevSequestDiscrimFunction.cxx">
      <Filter>Source Files</Filter>
    </ClCompile>
    <ClCompile Include="TrypChymAspnEnzymeDigestion.cxx">
      <Filter>Source Files</Filter>
    </ClCompile>
    <ClCompile Include="TrypticEnzymeDigestion.cxx">
      <Filter>Source Files</Filter>
    </ClCompile>
    <ClCompile Include="VariableOffsetMassDiffDiscrMixtureDistr.cxx">
      <Filter>Source Files</Filter>
    </ClCompile>
  </ItemGroup>
  <ItemGroup>
    <ClInclude Include="AbbrevSequestDiscrimFunction.h">
      <Filter>Header Files</Filter>
    </ClInclude>
    <ClInclude Include="Array.h">
      <Filter>Header Files</Filter>
    </ClInclude>
    <ClInclude Include="AspNEnzymeDigestion.h">
      <Filter>Header Files</Filter>
    </ClInclude>
    <ClInclude Include="ChymotrypticEnzymeDigestion.h">
      <Filter>Header Files</Filter>
    </ClInclude>
    <ClInclude Include="constants.h">
      <Filter>Header Files</Filter>
    </ClInclude>
    <ClInclude Include="ContinuousDistribution.h">
      <Filter>Header Files</Filter>
    </ClInclude>
    <ClInclude Include="ContinuousMultimixtureDistr.h">
      <Filter>Header Files</Filter>
    </ClInclude>
    <ClInclude Include="DatasetNumMap.h">
      <Filter>Header Files</Filter>
    </ClInclude>
    <ClInclude Include="DecayContinuousMultimixtureDistr.h">
      <Filter>Header Files</Filter>
    </ClInclude>
    <ClInclude Include="DiscreteDistribution.h">
      <Filter>Header Files</Filter>
    </ClInclude>
    <ClInclude Include="DiscreteMixtureDistr.h">
      <Filter>Header Files</Filter>
    </ClInclude>
    <ClInclude Include="DiscriminantFunction.h">
      <Filter>Header Files</Filter>
    </ClInclude>
    <ClInclude Include="DiscrimValMixtureDistr.h">
      <Filter>Header Files</Filter>
    </ClInclude>
    <ClInclude Include="Distribution.h">
      <Filter>Header Files</Filter>
    </ClInclude>
    <ClInclude Include="Elastase.h">
      <Filter>Header Files</Filter>
    </ClInclude>
    <ClInclude Include="EnzymeDigestion.h">
      <Filter>Header Files</Filter>
    </ClInclude>
    <ClInclude Include="EnzymeSpecificity.h">
      <Filter>Header Files</Filter>
    </ClInclude>
    <ClInclude Include="ExtremeValueDistribution.h">
      <Filter>Header Files</Filter>
    </ClInclude>
    <ClInclude Include="GammaDistribution.h">
      <Filter>Header Files</Filter>
    </ClInclude>
    <ClInclude Include="GaussianDistribution.h">
      <Filter>Header Files</Filter>
    </ClInclude>
    <ClInclude Include="GlobalVariable.h">
      <Filter>Header Files</Filter>
    </ClInclude>
    <ClInclude Include="GluC_bicarbEnzymeDigestion.h">
      <Filter>Header Files</Filter>
    </ClInclude>
    <ClInclude Include="GluCEnzymeDigestion.h">
      <Filter>Header Files</Filter>
    </ClInclude>
    <ClInclude Include="GlycMixtureDistr.h">
      <Filter>Header Files</Filter>
    </ClInclude>
    <ClInclude Include="ICATMixtureDistr.h">
      <Filter>Header Files</Filter>
    </ClInclude>
    <ClInclude Include="MascotDiscrimValMixtureDistr.h">
      <Filter>Header Files</Filter>
    </ClInclude>
    <ClInclude Include="MassDifferenceDiscrMixtureDistr.h">
      <Filter>Header Files</Filter>
    </ClInclude>
    <ClInclude Include="MixtureDistr.h">
      <Filter>Header Files</Filter>
    </ClInclude>
    <ClInclude Include="MixtureModel.h">
      <Filter>Header Files</Filter>
    </ClInclude>
    <ClInclude Include="MultipleEnzymeDigestion.h">
      <Filter>Header Files</Filter>
    </ClInclude>
    <ClInclude Include="MutlipleEnzymeDigestion.h">
      <Filter>Header Files</Filter>
    </ClInclude>
    <ClInclude Include="NMCMixtureDistr.h">
      <Filter>Header Files</Filter>
    </ClInclude>
    <ClInclude Include="NonspecificEnzymeDigestion.h">
      <Filter>Header Files</Filter>
    </ClInclude>
    <ClInclude Include="NTTMixtureDistr.h">
      <Filter>Header Files</Filter>
    </ClInclude>
    <ClInclude Include="OrderedResult.h">
      <Filter>Header Files</Filter>
    </ClInclude>
    <ClInclude Include="OutputContent.h">
      <Filter>Header Files</Filter>
    </ClInclude>
    <ClInclude Include="PeptideProphetLibrary.h">
      <Filter>Header Files</Filter>
    </ClInclude>
    <ClInclude Include="resource.h">
      <Filter>Header Files</Filter>
    </ClInclude>
    <ClInclude Include="ScoreCalculator.h">
      <Filter>Header Files</Filter>
    </ClInclude>
    <ClInclude Include="SearchResult.h">
      <Filter>Header Files</Filter>
    </ClInclude>
    <ClInclude Include="SequestDiscrimFunction.h">
      <Filter>Header Files</Filter>
    </ClInclude>
    <ClInclude Include="SequestDiscrimScoreCalculator.h">
      <Filter>Header Files</Filter>
    </ClInclude>
    <ClInclude Include="SequestResult.h">
      <Filter>Header Files</Filter>
    </ClInclude>
    <ClInclude Include="Spectrum.h">
      <Filter>Header Files</Filter>
    </ClInclude>
    <ClInclude Include="sysdepend.h">
      <Filter>Header Files</Filter>
    </ClInclude>
    <ClInclude Include="ToftofAbbrevSequestDiscrimFunction.h">
      <Filter>Header Files</Filter>
    </ClInclude>
    <ClInclude Include="TrypChymAspnEnzymeDigestion.h">
      <Filter>Header Files</Filter>
    </ClInclude>
    <ClInclude Include="TrypticEnzymeDigestion.h">
      <Filter>Header Files</Filter>
    </ClInclude>
    <ClInclude Include="VariableOffsetMassDiffDiscrMixtureDistr.h">
      <Filter>Header Files</Filter>
    </ClInclude>
  </ItemGroup>
  <ItemGroup>
    <ResourceCompile Include="PeptideProphetLibrary.rc" />
  </ItemGroup>
</Project>